
Microsoft Visual Studio Solution File, Format Version 12.00
# Visual Studio Version 17
VisualStudioVersion = 17.7.34221.43
MinimumVisualStudioVersion = 10.0.40219.1
Project("{FAE04EC0-301F-11D3-BF4B-00C04F79EFBC}") = "Lista_enlazada", "Lista_enlazada\Lista_enlazada.csproj", "{A97D3CE0-A9E6-4845-AF66-98B17BFD6AEB}"
EndProject
Global
	GlobalSection(SolutionConfigurationPlatforms) = preSolution
		Debug|Any CPU = Debug|Any CPU
		Release|Any CPU = Release|Any CPU
	EndGlobalSection
	GlobalSection(ProjectConfigurationPlatforms) = postSolution
		{A97D3CE0-A9E6-4845-AF66-98B17BFD6AEB}.Debug|Any CPU.ActiveCfg = Debug|Any CPU
		{A97D3CE0-A9E6-4845-AF66-98B17BFD6AEB}.Debug|Any CPU.Build.0 = Debug|Any CPU
		{A97D3CE0-A9E6-4845-AF66-98B17BFD6AEB}.Release|Any CPU.ActiveCfg = Release|Any CPU
		{A97D3CE0-A9E6-4845-AF66-98B17BFD6AEB}.Release|Any CPU.Build.0 = Release|Any CPU
	EndGlobalSection
	GlobalSection(SolutionProperties) = preSolution
		HideSolutionNode = FALSE
	EndGlobalSection
	GlobalSection(ExtensibilityGlobals) = postSolution
		SolutionGuid = {F4620CA4-BD3B-4CD1-81C3-EDCC170C499F}
	EndGlobalSection
EndGlobal
